
Microsoft Visual Studio Solution File, Format Version 12.00
# Visual Studio Version 17
VisualStudioVersion = 17.14.37012.4 d17.14
MinimumVisualStudioVersion = 10.0.40219.1
Project("{FAE04EC0-301F-11D3-BF4B-00C04F79EFBC}") = "2026_WpfApp1", "2026_WpfApp1\2026_WpfApp1.csproj", "{7FCBAEC8-7D8B-4F13-A8A2-D7CF6AEE6667}"
EndProject
Global
	GlobalSection(SolutionConfigurationPlatforms) = preSolution
		Debug|Any CPU = Debug|Any CPU
		Release|Any CPU = Release|Any CPU
	EndGlobalSection
	GlobalSection(ProjectConfigurationPlatforms) = postSolution
		{7FCBAEC8-7D8B-4F13-A8A2-D7CF6AEE6667}.Debug|Any CPU.ActiveCfg = Debug|Any CPU
		{7FCBAEC8-7D8B-4F13-A8A2-D7CF6AEE6667}.Debug|Any CPU.Build.0 = Debug|Any CPU
		{7FCBAEC8-7D8B-4F13-A8A2-D7CF6AEE6667}.Release|Any CPU.ActiveCfg = Release|Any CPU
		{7FCBAEC8-7D8B-4F13-A8A2-D7CF6AEE6667}.Release|Any CPU.Build.0 = Release|Any CPU
	EndGlobalSection
	GlobalSection(SolutionProperties) = preSolution
		HideSolutionNode = FALSE
	EndGlobalSection
	GlobalSection(ExtensibilityGlobals) = postSolution
		SolutionGuid = {46099023-C186-4446-949B-4E6F748EA7B9}
	EndGlobalSection
EndGlobal
