
Microsoft Visual Studio Solution File, Format Version 12.00
# Visual Studio Version 17
VisualStudioVersion = 17.14.37012.4 d17.14
MinimumVisualStudioVersion = 10.0.40219.1
Project("{FAE04EC0-301F-11D3-BF4B-00C04F79EFBC}") = "2026_WpfApp2", "2026_WpfApp2\2026_WpfApp2.csproj", "{5E50F145-C42F-4935-A04E-F3B56439C4EB}"
EndProject
Global
	GlobalSection(SolutionConfigurationPlatforms) = preSolution
		Debug|Any CPU = Debug|Any CPU
		Release|Any CPU = Release|Any CPU
	EndGlobalSection
	GlobalSection(ProjectConfigurationPlatforms) = postSolution
		{5E50F145-C42F-4935-A04E-F3B56439C4EB}.Debug|Any CPU.ActiveCfg = Debug|Any CPU
		{5E50F145-C42F-4935-A04E-F3B56439C4EB}.Debug|Any CPU.Build.0 = Debug|Any CPU
		{5E50F145-C42F-4935-A04E-F3B56439C4EB}.Release|Any CPU.ActiveCfg = Release|Any CPU
		{5E50F145-C42F-4935-A04E-F3B56439C4EB}.Release|Any CPU.Build.0 = Release|Any CPU
	EndGlobalSection
	GlobalSection(SolutionProperties) = preSolution
		HideSolutionNode = FALSE
	EndGlobalSection
	GlobalSection(ExtensibilityGlobals) = postSolution
		SolutionGuid = {0B1E71E5-95AB-442D-BFE2-40D922124B20}
	EndGlobalSection
EndGlobal
